
Microsoft Visual Studio Solution File, Format Version 12.00
Project("{FAE04EC0-301F-11D3-BF4B-00C04F79EFBC}") = "SearchServer", "SearchServer\SearchServer.csproj", "{87231125-FF47-47C3-BFCE-A7A6A810B2E1}"
EndProject
Project("{FAE04EC0-301F-11D3-BF4B-00C04F79EFBC}") = "SearchClient", "SearchClient\SearchClient.csproj", "{FCFE0670-E483-478D-BC35-C7379ACBD2AF}"
EndProject
Project("{FAE04EC0-301F-11D3-BF4B-00C04F79EFBC}") = "Analysis", "Analysis\Analysis.csproj", "{FAECA588-1EA2-4BCE-86B2-9BB11504022E}"
EndProject
Project("{FAE04EC0-301F-11D3-BF4B-00C04F79EFBC}") = "SearchTests", "SearchTests\SearchTests.csproj", "{4EC7EA4B-208C-4501-AAE1-256C37E05AA2}"
EndProject
Global
	GlobalSection(SolutionConfigurationPlatforms) = preSolution
		Debug|Any CPU = Debug|Any CPU
		Release|Any CPU = Release|Any CPU
	EndGlobalSection
	GlobalSection(ProjectConfigurationPlatforms) = postSolution
		{87231125-FF47-47C3-BFCE-A7A6A810B2E1}.Debug|Any CPU.ActiveCfg = Debug|Any CPU
		{87231125-FF47-47C3-BFCE-A7A6A810B2E1}.Debug|Any CPU.Build.0 = Debug|Any CPU
		{87231125-FF47-47C3-BFCE-A7A6A810B2E1}.Release|Any CPU.ActiveCfg = Release|Any CPU
		{87231125-FF47-47C3-BFCE-A7A6A810B2E1}.Release|Any CPU.Build.0 = Release|Any CPU
		{FCFE0670-E483-478D-BC35-C7379ACBD2AF}.Debug|Any CPU.ActiveCfg = Debug|Any CPU
		{FCFE0670-E483-478D-BC35-C7379ACBD2AF}.Debug|Any CPU.Build.0 = Debug|Any CPU
		{FCFE0670-E483-478D-BC35-C7379ACBD2AF}.Release|Any CPU.ActiveCfg = Release|Any CPU
		{FCFE0670-E483-478D-BC35-C7379ACBD2AF}.Release|Any CPU.Build.0 = Release|Any CPU
		{FAECA588-1EA2-4BCE-86B2-9BB11504022E}.Debug|Any CPU.ActiveCfg = Debug|Any CPU
		{FAECA588-1EA2-4BCE-86B2-9BB11504022E}.Debug|Any CPU.Build.0 = Debug|Any CPU
		{FAECA588-1EA2-4BCE-86B2-9BB11504022E}.Release|Any CPU.ActiveCfg = Release|Any CPU
		{FAECA588-1EA2-4BCE-86B2-9BB11504022E}.Release|Any CPU.Build.0 = Release|Any CPU
		{4EC7EA4B-208C-4501-AAE1-256C37E05AA2}.Debug|Any CPU.ActiveCfg = Debug|Any CPU
		{4EC7EA4B-208C-4501-AAE1-256C37E05AA2}.Debug|Any CPU.Build.0 = Debug|Any CPU
		{4EC7EA4B-208C-4501-AAE1-256C37E05AA2}.Release|Any CPU.ActiveCfg = Release|Any CPU
		{4EC7EA4B-208C-4501-AAE1-256C37E05AA2}.Release|Any CPU.Build.0 = Release|Any CPU
	EndGlobalSection
EndGlobal
